{
  "name": "codekit-project",
  "version": "1.0.0",
  "lockfileVersion": 1,
  "requires": true,
  "dependencies": {
    "lazysizes": {
      "version": "5.2.1",
      "resolved": "https://registry.npmjs.org/lazysizes/-/lazysizes-5.2.1.tgz",
      "integrity": "sha512-607dEMlbcnkny2lGYVqoA/rQO+WGpWh/BISeS1eLfT8nHQw6E+R8ybJoKKGVlZ2czKPTATrsU95f+nkwix0fXw=="
    },
    "progressbar.js": {
      "version": "1.1.0",
      "resolved": "https://registry.npmjs.org/progressbar.js/-/progressbar.js-1.1.0.tgz",
      "integrity": "sha512-K68/xcyXKo2I6T3PfIkXrRaycxROmWeU4bugb49iulWR25cU94PM0cfZ47S0jDhG5K3vPhZwCOy1fgb5Pgh6UQ==",
      "requires": {
        "shifty": "^2.1.2"
      }
    },
    "shifty": {
      "version": "2.8.3",
      "resolved": "https://registry.npmjs.org/shifty/-/shifty-2.8.3.tgz",
      "integrity": "sha512-/5pEfjV279B7gUFFEItEeBEDyyUFD/H2GNXX130jqJKeWVItDgkKOh2SmKT63Oz8dDP16U8o5bbH9OViYwqI9A=="
    }
  }
}
